PODS:
  - app_links (0.0.2):
    - Flutter
  - connectivity_plus (0.0.1):
    - Flutter
  - DKImagePickerController/Core (4.3.9):
    - DKImagePickerController/ImageDataManager
    - DKImagePickerController/Resource
  - DKImagePickerController/ImageDataManager (4.3.9)
  - DKImagePickerController/PhotoGallery (4.3.9):
    - DKImagePickerController/Core
    - DKPhotoGallery
  - DKImagePickerController/Resource (4.3.9)
  - DKPhotoGallery (0.0.19):
    - DKPhotoGallery/Core (= 0.0.19)
    - DKPhotoGallery/Model (= 0.0.19)
    - DKPhotoGallery/Preview (= 0.0.19)
    - DKPhotoGallery/Resource (= 0.0.19)
    - SDWebImage
    - SwiftyGif
  - DKPhotoGallery/Core (0.0.19):
    - DKPhotoGallery/Model
    - DKPhotoGallery/Preview
    - SDWebImage
    - SwiftyGif
  - DKPhotoGallery/Model (0.0.19):
    - SDWebImage
    - SwiftyGif
  - DKPhotoGallery/Preview (0.0.19):
    - DKPhotoGallery/Model
    - DKPhotoGallery/Resource
    - SDWebImage
    - SwiftyGif
  - DKPhotoGallery/Resource (0.0.19):
    - SDWebImage
    - SwiftyGif
  - file_picker (0.0.1):
    - DKImagePickerController/PhotoGallery
    - Flutter
  - Firebase/Auth (11.10.0):
    - Firebase/CoreOnly
    - FirebaseAuth (~> 11.10.0)
  - Firebase/CoreOnly (11.10.0):
    - FirebaseCore (~> 11.10.0)
  - Firebase/Messaging (11.10.0):
    - Firebase/CoreOnly
    - FirebaseMessaging (~> 11.10.0)
  - Firebase/Storage (11.10.0):
    - Firebase/CoreOnly
    - FirebaseStorage (~> 11.10.0)
  - firebase_auth (5.5.4):
    - Firebase/Auth (= 11.10.0)
    - firebase_core
    - Flutter
  - firebase_core (3.13.1):
    - Firebase/CoreOnly (= 11.10.0)
    - Flutter
  - firebase_messaging (15.2.6):
    - Firebase/Messaging (= 11.10.0)
    - firebase_core
    - Flutter
  - firebase_storage (12.4.6):
    - Firebase/Storage (= 11.10.0)
    - firebase_core
    - Flutter
  - FirebaseAppCheckInterop (11.13.0)
  - FirebaseAuth (11.10.0):
    - FirebaseAppCheckInterop (~> 11.0)
    - FirebaseAuthInterop (~> 11.0)
    - FirebaseCore (~> 11.10.0)
    - FirebaseCoreExtension (~> 11.10.0)
    - GoogleUtilities/AppDelegateSwizzler (~> 8.0)
    - GoogleUtilities/Environment (~> 8.0)
    - GTMSessionFetcher/Core (< 5.0, >= 3.4)
    - RecaptchaInterop (~> 101.0)
  - FirebaseAuthInterop (11.13.0)
  - FirebaseCore (11.10.0):
    - FirebaseCoreInternal (~> 11.10.0)
    - GoogleUtilities/Environment (~> 8.0)
    - GoogleUtilities/Logger (~> 8.0)
  - FirebaseCoreExtension (11.10.0):
    - FirebaseCore (~> 11.10.0)
  - FirebaseCoreInternal (11.10.0):
    - "GoogleUtilities/NSData+zlib (~> 8.0)"
  - FirebaseInstallations (11.10.0):
    - FirebaseCore (~> 11.10.0)
    - GoogleUtilities/Environment (~> 8.0)
    - GoogleUtilities/UserDefaults (~> 8.0)
    - PromisesObjC (~> 2.4)
  - FirebaseMessaging (11.10.0):
    - FirebaseCore (~> 11.10.0)
    - FirebaseInstallations (~> 11.0)
    - GoogleDataTransport (~> 10.0)
    - GoogleUtilities/AppDelegateSwizzler (~> 8.0)
    - GoogleUtilities/Environment (~> 8.0)
    - GoogleUtilities/Reachability (~> 8.0)
    - GoogleUtilities/UserDefaults (~> 8.0)
    - nanopb (~> 3.30910.0)
  - FirebaseStorage (11.10.0):
    - FirebaseAppCheckInterop (~> 11.0)
    - FirebaseAuthInterop (~> 11.0)
    - FirebaseCore (~> 11.10.0)
    - FirebaseCoreExtension (~> 11.10.0)
    - GoogleUtilities/Environment (~> 8.0)
    - GTMSessionFetcher/Core (< 5.0, >= 3.4)
  - Flutter (1.0.0)
  - flutter_email_sender (0.0.1):
    - Flutter
  - flutter_native_splash (2.4.3):
    - Flutter
  - fluttertoast (0.0.2):
    - Flutter
  - GoogleDataTransport (10.1.0):
    - nanopb (~> 3.30910.0)
    - PromisesObjC (~> 2.4)
  - GoogleUtilities/AppDelegateSwizzler (8.1.0):
    - GoogleUtilities/Environment
    - GoogleUtilities/Logger
    - GoogleUtilities/Network
    - GoogleUtilities/Privacy
  - GoogleUtilities/Environment (8.1.0):
    - GoogleUtilities/Privacy
  - GoogleUtilities/Logger (8.1.0):
    - GoogleUtilities/Environment
    - GoogleUtilities/Privacy
  - GoogleUtilities/Network (8.1.0):
    - GoogleUtilities/Logger
    - "GoogleUtilities/NSData+zlib"
    - GoogleUtilities/Privacy
    - GoogleUtilities/Reachability
  - "GoogleUtilities/NSData+zlib (8.1.0)":
    - GoogleUtilities/Privacy
  - GoogleUtilities/Privacy (8.1.0)
  - GoogleUtilities/Reachability (8.1.0):
    - GoogleUtilities/Logger
    - GoogleUtilities/Privacy
  - GoogleUtilities/UserDefaults (8.1.0):
    - GoogleUtilities/Logger
    - GoogleUtilities/Privacy
  - GTMSessionFetcher/Core (4.5.0)
  - image_picker_ios (0.0.1):
    - Flutter
  - location (0.0.1):
    - Flutter
  - nanopb (3.30910.0):
    - nanopb/decode (= 3.30910.0)
    - nanopb/encode (= 3.30910.0)
  - nanopb/decode (3.30910.0)
  - nanopb/encode (3.30910.0)
  - package_info_plus (0.4.5):
    - Flutter
  - path_provider_foundation (0.0.1):
    - Flutter
    - FlutterMacOS
  - pointer_interceptor_ios (0.0.1):
    - Flutter
  - PromisesObjC (2.4.0)
  - RecaptchaInterop (101.0.0)
  - SDWebImage (5.21.0):
    - SDWebImage/Core (= 5.21.0)
  - SDWebImage/Core (5.21.0)
  - Sentry/HybridSDK (8.46.0)
  - sentry_flutter (8.14.2):
    - Flutter
    - FlutterMacOS
    - Sentry/HybridSDK (= 8.46.0)
  - share_plus (0.0.1):
    - Flutter
  - shared_preferences_foundation (0.0.1):
    - Flutter
    - FlutterMacOS
  - sqflite_darwin (0.0.4):
    - Flutter
    - FlutterMacOS
  - Stripe (24.7.0):
    - StripeApplePay (= 24.7.0)
    - StripeCore (= 24.7.0)
    - StripePayments (= 24.7.0)
    - StripePaymentsUI (= 24.7.0)
    - StripeUICore (= 24.7.0)
  - stripe_ios (0.0.1):
    - Flutter
    - Stripe (~> 24.7.0)
    - stripe_ios/stripe_ios (= 0.0.1)
    - stripe_ios/stripe_objc (= 0.0.1)
    - StripeApplePay (~> 24.7.0)
    - StripeFinancialConnections (~> 24.7.0)
    - StripePayments (~> 24.7.0)
    - StripePaymentSheet (~> 24.7.0)
    - StripePaymentsUI (~> 24.7.0)
  - stripe_ios/stripe_ios (0.0.1):
    - Flutter
    - Stripe (~> 24.7.0)
    - stripe_ios/stripe_objc
    - StripeApplePay (~> 24.7.0)
    - StripeFinancialConnections (~> 24.7.0)
    - StripePayments (~> 24.7.0)
    - StripePaymentSheet (~> 24.7.0)
    - StripePaymentsUI (~> 24.7.0)
  - stripe_ios/stripe_objc (0.0.1):
    - Flutter
    - Stripe (~> 24.7.0)
    - StripeApplePay (~> 24.7.0)
    - StripeFinancialConnections (~> 24.7.0)
    - StripePayments (~> 24.7.0)
    - StripePaymentSheet (~> 24.7.0)
    - StripePaymentsUI (~> 24.7.0)
  - StripeApplePay (24.7.0):
    - StripeCore (= 24.7.0)
  - StripeCore (24.7.0)
  - StripeFinancialConnections (24.7.0):
    - StripeCore (= 24.7.0)
    - StripeUICore (= 24.7.0)
  - StripePayments (24.7.0):
    - StripeCore (= 24.7.0)
    - StripePayments/Stripe3DS2 (= 24.7.0)
  - StripePayments/Stripe3DS2 (24.7.0):
    - StripeCore (= 24.7.0)
  - StripePaymentSheet (24.7.0):
    - StripeApplePay (= 24.7.0)
    - StripeCore (= 24.7.0)
    - StripePayments (= 24.7.0)
    - StripePaymentsUI (= 24.7.0)
  - StripePaymentsUI (24.7.0):
    - StripeCore (= 24.7.0)
    - StripePayments (= 24.7.0)
    - StripeUICore (= 24.7.0)
  - StripeUICore (24.7.0):
    - StripeCore (= 24.7.0)
  - SwiftyGif (5.4.5)
  - url_launcher_ios (0.0.1):
    - Flutter
  - webview_flutter_wkwebview (0.0.1):
    - Flutter
    - FlutterMacOS

DEPENDENCIES:
  - app_links (from `.symlinks/plugins/app_links/ios`)
  - connectivity_plus (from `.symlinks/plugins/connectivity_plus/ios`)
  - file_picker (from `.symlinks/plugins/file_picker/ios`)
  - firebase_auth (from `.symlinks/plugins/firebase_auth/ios`)
  - firebase_core (from `.symlinks/plugins/firebase_core/ios`)
  - firebase_messaging (from `.symlinks/plugins/firebase_messaging/ios`)
  - firebase_storage (from `.symlinks/plugins/firebase_storage/ios`)
  - Flutter (from `Flutter`)
  - flutter_email_sender (from `.symlinks/plugins/flutter_email_sender/ios`)
  - flutter_native_splash (from `.symlinks/plugins/flutter_native_splash/ios`)
  - fluttertoast (from `.symlinks/plugins/fluttertoast/ios`)
  - image_picker_ios (from `.symlinks/plugins/image_picker_ios/ios`)
  - location (from `.symlinks/plugins/location/ios`)
  - package_info_plus (from `.symlinks/plugins/package_info_plus/ios`)
  - path_provider_foundation (from `.symlinks/plugins/path_provider_foundation/darwin`)
  - pointer_interceptor_ios (from `.symlinks/plugins/pointer_interceptor_ios/ios`)
  - sentry_flutter (from `.symlinks/plugins/sentry_flutter/ios`)
  - share_plus (from `.symlinks/plugins/share_plus/ios`)
  - shared_preferences_foundation (from `.symlinks/plugins/shared_preferences_foundation/darwin`)
  - sqflite_darwin (from `.symlinks/plugins/sqflite_darwin/darwin`)
  - stripe_ios (from `.symlinks/plugins/stripe_ios/ios`)
  - url_launcher_ios (from `.symlinks/plugins/url_launcher_ios/ios`)
  - webview_flutter_wkwebview (from `.symlinks/plugins/webview_flutter_wkwebview/darwin`)

SPEC REPOS:
  trunk:
    - DKImagePickerController
    - DKPhotoGallery
    - Firebase
    - FirebaseAppCheckInterop
    - FirebaseAuth
    - FirebaseAuthInterop
    - FirebaseCore
    - FirebaseCoreExtension
    - FirebaseCoreInternal
    - FirebaseInstallations
    - FirebaseMessaging
    - FirebaseStorage
    - GoogleDataTransport
    - GoogleUtilities
    - GTMSessionFetcher
    - nanopb
    - PromisesObjC
    - RecaptchaInterop
    - SDWebImage
    - Sentry
    - Stripe
    - StripeApplePay
    - StripeCore
    - StripeFinancialConnections
    - StripePayments
    - StripePaymentSheet
    - StripePaymentsUI
    - StripeUICore
    - SwiftyGif

EXTERNAL SOURCES:
  app_links:
    :path: ".symlinks/plugins/app_links/ios"
  connectivity_plus:
    :path: ".symlinks/plugins/connectivity_plus/ios"
  file_picker:
    :path: ".symlinks/plugins/file_picker/ios"
  firebase_auth:
    :path: ".symlinks/plugins/firebase_auth/ios"
  firebase_core:
    :path: ".symlinks/plugins/firebase_core/ios"
  firebase_messaging:
    :path: ".symlinks/plugins/firebase_messaging/ios"
  firebase_storage:
    :path: ".symlinks/plugins/firebase_storage/ios"
  Flutter:
    :path: Flutter
  flutter_email_sender:
    :path: ".symlinks/plugins/flutter_email_sender/ios"
  flutter_native_splash:
    :path: ".symlinks/plugins/flutter_native_splash/ios"
  fluttertoast:
    :path: ".symlinks/plugins/fluttertoast/ios"
  image_picker_ios:
    :path: ".symlinks/plugins/image_picker_ios/ios"
  location:
    :path: ".symlinks/plugins/location/ios"
  package_info_plus:
    :path: ".symlinks/plugins/package_info_plus/ios"
  path_provider_foundation:
    :path: ".symlinks/plugins/path_provider_foundation/darwin"
  pointer_interceptor_ios:
    :path: ".symlinks/plugins/pointer_interceptor_ios/ios"
  sentry_flutter:
    :path: ".symlinks/plugins/sentry_flutter/ios"
  share_plus:
    :path: ".symlinks/plugins/share_plus/ios"
  shared_preferences_foundation:
    :path: ".symlinks/plugins/shared_preferences_foundation/darwin"
  sqflite_darwin:
    :path: ".symlinks/plugins/sqflite_darwin/darwin"
  stripe_ios:
    :path: ".symlinks/plugins/stripe_ios/ios"
  url_launcher_ios:
    :path: ".symlinks/plugins/url_launcher_ios/ios"
  webview_flutter_wkwebview:
    :path: ".symlinks/plugins/webview_flutter_wkwebview/darwin"

SPEC CHECKSUMS:
  app_links: 76b66b60cc809390ca1ad69bfd66b998d2387ac7
  connectivity_plus: cb623214f4e1f6ef8fe7403d580fdad517d2f7dd
  DKImagePickerController: 946cec48c7873164274ecc4624d19e3da4c1ef3c
  DKPhotoGallery: b3834fecb755ee09a593d7c9e389d8b5d6deed60
  file_picker: a0560bc09d61de87f12d246fc47d2119e6ef37be
  Firebase: 1fe1c0a7d9aaea32efe01fbea5f0ebd8d70e53a2
  firebase_auth: 4d9603c196d22f71e80cf518b71939c4f2117088
  firebase_core: ba71b44041571da878cb624ce0d80250bcbe58ad
  firebase_messaging: 13129fe2ca166d1ed2d095062d76cee88943d067
  firebase_storage: c7345d943e1afdf9cb48e5887ed69c1095b3aa1e
  FirebaseAppCheckInterop: 72066489c209823649a997132bcd9269bc33a4bb
  FirebaseAuth: c4146bdfdc87329f9962babd24dae89373f49a32
  FirebaseAuthInterop: 4fa327ec3c551a80a6929561f83af80b1dd44937
  FirebaseCore: 8344daef5e2661eb004b177488d6f9f0f24251b7
  FirebaseCoreExtension: 6f357679327f3614e995dc7cf3f2d600bdc774ac
  FirebaseCoreInternal: ef4505d2afb1d0ebbc33162cb3795382904b5679
  FirebaseInstallations: 9980995bdd06ec8081dfb6ab364162bdd64245c3
  FirebaseMessaging: 2b9f56aa4ed286e1f0ce2ee1d413aabb8f9f5cb9
  FirebaseStorage: e83d1b9c8a5318d46ccfb2955f0d98095e0bf598
  Flutter: e0871f40cf51350855a761d2e70bf5af5b9b5de7
  flutter_email_sender: 2397f5e84aaacfb61af569637a963e7c687858d8
  flutter_native_splash: c32d145d68aeda5502d5f543ee38c192065986cf
  fluttertoast: 2c67e14dce98bbdb200df9e1acf610d7a6264ea1
  GoogleDataTransport: aae35b7ea0c09004c3797d53c8c41f66f219d6a7
  GoogleUtilities: 00c88b9a86066ef77f0da2fab05f65d7768ed8e1
  GTMSessionFetcher: fc75fc972958dceedee61cb662ae1da7a83a91cf
  image_picker_ios: 7fe1ff8e34c1790d6fff70a32484959f563a928a
  location: 155caecf9da4f280ab5fe4a55f94ceccfab838f8
  nanopb: fad817b59e0457d11a5dfbde799381cd727c1275
  package_info_plus: af8e2ca6888548050f16fa2f1938db7b5a5df499
  path_provider_foundation: 080d55be775b7414fd5a5ef3ac137b97b097e564
  pointer_interceptor_ios: ec847ef8b0915778bed2b2cef636f4d177fa8eed
  PromisesObjC: f5707f49cb48b9636751c5b2e7d227e43fba9f47
  RecaptchaInterop: 11e0b637842dfb48308d242afc3f448062325aba
  SDWebImage: f84b0feeb08d2d11e6a9b843cb06d75ebf5b8868
  Sentry: da60d980b197a46db0b35ea12cb8f39af48d8854
  sentry_flutter: 27892878729f42701297c628eb90e7c6529f3684
  share_plus: 50da8cb520a8f0f65671c6c6a99b3617ed10a58a
  shared_preferences_foundation: 9e1978ff2562383bd5676f64ec4e9aa8fa06a6f7
  sqflite_darwin: 20b2a3a3b70e43edae938624ce550a3cbf66a3d0
  Stripe: 8a03a78bfa16b197f9fac51e42670ac563b34388
  stripe_ios: 95bdf6ba58efd184fe1dfed194cd8692299d66ca
  StripeApplePay: 3c1b43d9b5130f6b714863bf8c9482c24168ab27
  StripeCore: 4955c2af14446db04818ad043d19d8f97b73c5fa
  StripeFinancialConnections: 8cf97b04c2f354879a2a5473126efac38f11f406
  StripePayments: 91820845bece6117809bcfdcaef39c84c2b4cae5
  StripePaymentSheet: 1810187cbdbc73410b8fb86cecafaaa41c1481fc
  StripePaymentsUI: 326376e23caa369d1f58041bdb858c89c2b17ed4
  StripeUICore: 17a4f3adb81ae05ab885e1b353022a430176eab1
  SwiftyGif: 706c60cf65fa2bc5ee0313beece843c8eb8194d4
  url_launcher_ios: 694010445543906933d732453a59da0a173ae33d
  webview_flutter_wkwebview: 1821ceac936eba6f7984d89a9f3bcb4dea99ebb2

PODFILE CHECKSUM: bb8d8e4ca31baf7342a26b23957dc34a951008c8

COCOAPODS: 1.16.2
